
Microsoft Visual Studio Solution File, Format Version 12.00
# Visual Studio Version 17
VisualStudioVersion = 17.2.32630.192
MinimumVisualStudioVersion = 10.0.40219.1
Project("{FAE04EC0-301F-11D3-BF4B-00C04F79EFBC}") = "TravelBlogProject", "TravelBlogProject\TravelBlogProject.csproj", "{FE9481A8-7AFF-4B1F-B0FA-DFDF44EECFA8}"
EndProject
Global
	GlobalSection(SolutionConfigurationPlatforms) = preSolution
		Debug|Any CPU = Debug|Any CPU
		Release|Any CPU = Release|Any CPU
	EndGlobalSection
	GlobalSection(ProjectConfigurationPlatforms) = postSolution
		{FE9481A8-7AFF-4B1F-B0FA-DFDF44EECFA8}.Debug|Any CPU.ActiveCfg = Debug|Any CPU
		{FE9481A8-7AFF-4B1F-B0FA-DFDF44EECFA8}.Debug|Any CPU.Build.0 = Debug|Any CPU
		{FE9481A8-7AFF-4B1F-B0FA-DFDF44EECFA8}.Release|Any CPU.ActiveCfg = Release|Any CPU
		{FE9481A8-7AFF-4B1F-B0FA-DFDF44EECFA8}.Release|Any CPU.Build.0 = Release|Any CPU
	EndGlobalSection
	GlobalSection(SolutionProperties) = preSolution
		HideSolutionNode = FALSE
	EndGlobalSection
	GlobalSection(ExtensibilityGlobals) = postSolution
		SolutionGuid = {F6387F16-B7D3-4758-9B78-8311E067B61C}
	EndGlobalSection
EndGlobal
